PODS:
  - Alamofire (3.3.1)
  - CoreStore (1.6.4):
    - GCDKit (= 1.2.4)
  - GCDKit (1.2.4)
  - JASON (2.1.1)
  - Kingfisher (2.4.0)
  - MBProgressHUD (0.9.2)
  - Moya (6.4.0):
    - Moya/Core (= 6.4.0)
  - Moya-JASON (0.1.0):
    - Moya-JASON/Core (= 0.1.0)
  - Moya-JASON/Core (0.1.0):
    - JASON (~> 2.0)
    - Moya (~> 6.4)
  - Moya-JASON/RxSwift (0.1.0):
    - Moya-JASON/Core
    - Moya/RxSwift (~> 6.4)
    - RxSwift (~> 2.3)
  - Moya/Core (6.4.0):
    - Alamofire (~> 3.0)
    - Result (~> 2.0)
  - Moya/RxSwift (6.4.0):
    - Moya/Core
    - RxSwift (~> 2.0)
  - Nimble (4.0.1)
  - NSObject+Rx (1.2.1):
    - RxSwift (~> 2.1)
  - Quick (0.9.2)
  - Result (2.0.0)
  - RxBlocking (2.4):
    - RxSwift (~> 2.4)
  - RxCocoa (2.4):
    - RxSwift (~> 2.4)
  - RxDataSources (0.8):
    - RxCocoa (~> 2.2)
    - RxSwift (~> 2.2)
  - RxOptional (2.0.0):
    - RxCocoa (~> 2.0)
    - RxSwift (~> 2.0)
  - RxSwift (2.4)
  - SnapKit (0.20.0)

DEPENDENCIES:
  - CoreStore
  - Kingfisher
  - MBProgressHUD
  - Moya-JASON
  - Moya-JASON/RxSwift
  - Moya/RxSwift
  - Nimble
  - NSObject+Rx
  - Quick
  - Result
  - RxBlocking
  - RxCocoa
  - RxDataSources
  - RxOptional
  - RxSwift
  - SnapKit

SPEC CHECKSUMS:
  Alamofire: 369bc67b6f5ac33ded3648d7bd21c5bfb91c2ecc
  CoreStore: 6b4bc58c0aa45469290697a819cc42c3f208fdc5
  GCDKit: 998a697be1346fb2e92d4b867a83e90a94decc56
  JASON: 8a9889dbc0e8dd89eef2b77e84b337652aac2b6c
  Kingfisher: 9171a424ee7f8031f518f649bb850d1eab541247
  MBProgressHUD: 1569cf7ace17a8bac47aabfbb8580a49690386d1
  Moya: 4d526954c8afd79820991393d40d7d8af756ceee
  Moya-JASON: 5916c07a16fa06ca5021c2d9a1cea367791b59cc
  Nimble: 0f3c8b8b084cda391209c3c5efbb48bedeeb920a
  NSObject+Rx: 5d032a7f161602dec6b82dcf12731e91ce15b8da
  Quick: 18d057bc66451eedd5d1c8dc99ba2a5db6e60226
  Result: 9e75e1111c774c6ac594e14907b15057053a7959
  RxBlocking: 1226c1fa0ca1e0ca5f964d4330ca3649f2128680
  RxCocoa: 7d6cd877de99f5640306b3d6cf87f580c1d91b61
  RxDataSources: 8755a221c065930a75cf24020f6f2c63713c486e
  RxOptional: b77fb47a0190213cf8a37c7a2b7fda28160b4563
  RxSwift: 67b9ef4e8b34fb394e200e754c6a09cc16559f94
  SnapKit: 5fce3c1bbbf1fbd31de9aa92f33eb9fa03f15650

COCOAPODS: 0.39.0
