// !$*UTF8*$!
{
	archiveVersion = 1;
	classes = {
	};
	objectVersion = 46;
	objects = {

/* Begin PBXBuildFile section */
		00AD112A4FAAAFA2D46FD112 /* Pods_TVShowsUnitTests.framework in Frameworks */ = {isa = PBXBuildFile; fileRef = 201C161B3582CA9468425D7E /* Pods_TVShowsUnitTests.framework */; };
		0523FB632509D1D734332338 /* InteractorInterface.swift in Sources */ = {isa = PBXBuildFile; fileRef = 6A6545AF2B2351D8EB537C59 /* InteractorInterface.swift */; };
		099145D500032658824D7975 /* PresenterInterface.swift in Sources */ = {isa = PBXBuildFile; fileRef = 212DED8CA0D96E54E17C89C1 /* PresenterInterface.swift */; };
		0D4DF86AED212145DAEB1956 /* Constants.swift in Sources */ = {isa = PBXBuildFile; fileRef = A7F32720A5A8B000DA901963 /* Constants.swift */; };
		1219E00A2D53555993E1763F /* Images.xcassets in Resources */ = {isa = PBXBuildFile; fileRef = 2F988D1841835AF876EFB1EB /* Images.xcassets */; };
		1456ECCE16431F741CEE3BD3 /* Pods_TVShows.framework in Frameworks */ = {isa = PBXBuildFile; fileRef = BEB702FDF81C295CD01FA4A9 /* Pods_TVShows.framework */; };
		82204B45331703E19B67883B /* Foundation.framework in Frameworks */ = {isa = PBXBuildFile; fileRef = 8F3C3F3C3B52657E799DAB92 /* Foundation.framework */; };
		ADD37B451A6F4219928BBD1F /* ViewInterface.swift in Sources */ = {isa = PBXBuildFile; fileRef = C51FB17DBA0B32C1439B62D8 /* ViewInterface.swift */; };
		B12FE79091B8898518D9A4B0 /* LaunchScreen.xib in Resources */ = {isa = PBXBuildFile; fileRef = B004BD7EABBC7E51BA998623 /* LaunchScreen.xib */; };
		C1C0C19721AB1986B9445781 /* Progressable.swift in Sources */ = {isa = PBXBuildFile; fileRef = 6CC585D7E7B5826D7FE0E08E /* Progressable.swift */; };
		D2346E0F094E007C6439C357 /* WireframeInterface.swift in Sources */ = {isa = PBXBuildFile; fileRef = A001F35E5C3C7891F4511B26 /* WireframeInterface.swift */; };
		E8EF701D7A739C14CB28BE4F /* Main.storyboard in Resources */ = {isa = PBXBuildFile; fileRef = D3AB38378771E7A64D410329 /* Main.storyboard */; };
		F31546E6357F469B60C0E188 /* AppDelegate.swift in Sources */ = {isa = PBXBuildFile; fileRef = 4DC61DD282687D6B3EF05871 /* AppDelegate.swift */; };
		FE55D47A1CDA822E00B54C5A /* APITVShow.swift in Sources */ = {isa = PBXBuildFile; fileRef = FE55D4791CDA822E00B54C5A /* APITVShow.swift */; };
		FE55D47C1CDA829B00B54C5A /* APITVShowIdentifier.swift in Sources */ = {isa = PBXBuildFile; fileRef = FE55D47B1CDA829B00B54C5A /* APITVShowIdentifier.swift */; };
		FE55D47E1CDA82B700B54C5A /* APIImages.swift in Sources */ = {isa = PBXBuildFile; fileRef = FE55D47D1CDA82B700B54C5A /* APIImages.swift */; };
		FE55D4801CDA82C400B54C5A /* APIImage.swift in Sources */ = {isa = PBXBuildFile; fileRef = FE55D47F1CDA82C400B54C5A /* APIImage.swift */; };
/* End PBXBuildFile section */

/* Begin PBXContainerItemProxy section */
		DBBBDB04B5E8CD2E18DBC707 /* PBXContainerItemProxy */ = {
			isa = PBXContainerItemProxy;
			containerPortal = 8FD379F436C1C8959CE5B456 /* Project object */;
			proxyType = 1;
			remoteGlobalIDString = B717B61E2E5E6B73A2B28DA0;
			remoteInfo = TVShows;
		};
/* End PBXContainerItemProxy section */

/* Begin PBXFileReference section */
		060739D9F24FEC9BC2119EAD /* Pods-TVShows.debug.xcconfig */ = {isa = PBXFileReference; includeInIndex = 1; lastKnownFileType = text.xcconfig; name = "Pods-TVShows.debug.xcconfig"; path = "Pods/Target Support Files/Pods-TVShows/Pods-TVShows.debug.xcconfig"; sourceTree = "<group>"; };
		201C161B3582CA9468425D7E /* Pods_TVShowsUnitTests.framework */ = {isa = PBXFileReference; explicitFileType = wrapper.framework; includeInIndex = 0; path = Pods_TVShowsUnitTests.framework; sourceTree = BUILT_PRODUCTS_DIR; };
		212DED8CA0D96E54E17C89C1 /* PresenterInterface.swift */ = {isa = PBXFileReference; includeInIndex = 1; lastKnownFileType = sourcecode.swift; path = PresenterInterface.swift; sourceTree = "<group>"; };
		2F988D1841835AF876EFB1EB /* Images.xcassets */ = {isa = PBXFileReference; includeInIndex = 1; lastKnownFileType = folder.assetcatalog; path = Images.xcassets; sourceTree = "<group>"; };
		30B424C2508EF02F5E83D353 /* Pods-TVShows.release.xcconfig */ = {isa = PBXFileReference; includeInIndex = 1; lastKnownFileType = text.xcconfig; name = "Pods-TVShows.release.xcconfig"; path = "Pods/Target Support Files/Pods-TVShows/Pods-TVShows.release.xcconfig"; sourceTree = "<group>"; };
		4DC61DD282687D6B3EF05871 /* AppDelegate.swift */ = {isa = PBXFileReference; includeInIndex = 1; lastKnownFileType = sourcecode.swift; path = AppDelegate.swift; sourceTree = "<group>"; };
		50074E7BD96AD1C626E0DD6A /* Info.plist */ = {isa = PBXFileReference; includeInIndex = 1; lastKnownFileType = text.plist.xml; path = Info.plist; sourceTree = "<group>"; };
		6A6545AF2B2351D8EB537C59 /* InteractorInterface.swift */ = {isa = PBXFileReference; includeInIndex = 1; lastKnownFileType = sourcecode.swift; path = InteractorInterface.swift; sourceTree = "<group>"; };
		6CC585D7E7B5826D7FE0E08E /* Progressable.swift */ = {isa = PBXFileReference; includeInIndex = 1; lastKnownFileType = sourcecode.swift; path = Progressable.swift; sourceTree = "<group>"; };
		75EE35DE251066E591FBA46C /* Pods-TVShowsUnitTests.debug.xcconfig */ = {isa = PBXFileReference; includeInIndex = 1; lastKnownFileType = text.xcconfig; name = "Pods-TVShowsUnitTests.debug.xcconfig"; path = "Pods/Target Support Files/Pods-TVShowsUnitTests/Pods-TVShowsUnitTests.debug.xcconfig"; sourceTree = "<group>"; };
		8981416C0141DF34C9445F46 /* Pods-TVShowsUnitTests.release.xcconfig */ = {isa = PBXFileReference; includeInIndex = 1; lastKnownFileType = text.xcconfig; name = "Pods-TVShowsUnitTests.release.xcconfig"; path = "Pods/Target Support Files/Pods-TVShowsUnitTests/Pods-TVShowsUnitTests.release.xcconfig"; sourceTree = "<group>"; };
		8F3C3F3C3B52657E799DAB92 /* Foundation.framework */ = {isa = PBXFileReference; lastKnownFileType = wrapper.framework; name = Foundation.framework; path = Platforms/iPhoneOS.platform/Developer/SDKs/iPhoneOS8.3.sdk/System/Library/Frameworks/Foundation.framework; sourceTree = DEVELOPER_DIR; };
		92A16B95B057F4F95ED9D164 /* TVShowsUnitTests.xctest */ = {isa = PBXFileReference; explicitFileType = wrapper.cfbundle; includeInIndex = 0; path = TVShowsUnitTests.xctest; sourceTree = BUILT_PRODUCTS_DIR; };
		A001F35E5C3C7891F4511B26 /* WireframeInterface.swift */ = {isa = PBXFileReference; includeInIndex = 1; lastKnownFileType = sourcecode.swift; path = WireframeInterface.swift; sourceTree = "<group>"; };
		A7F32720A5A8B000DA901963 /* Constants.swift */ = {isa = PBXFileReference; includeInIndex = 1; lastKnownFileType = sourcecode.swift; path = Constants.swift; sourceTree = "<group>"; };
		B004BD7EABBC7E51BA998623 /* LaunchScreen.xib */ = {isa = PBXFileReference; includeInIndex = 1; lastKnownFileType = file.xib; path = LaunchScreen.xib; sourceTree = "<group>"; };
		B1A2610C5B7F582B63847AE6 /* TVShows.app */ = {isa = PBXFileReference; explicitFileType = wrapper.application; includeInIndex = 0; path = TVShows.app; sourceTree = BUILT_PRODUCTS_DIR; };
		B68BB52B3D5974E1F73FCA66 /* TVShowsUnitTests-Info.plist */ = {isa = PBXFileReference; includeInIndex = 1; lastKnownFileType = text.plist.xml; path = "TVShowsUnitTests-Info.plist"; sourceTree = "<group>"; };
		BEB702FDF81C295CD01FA4A9 /* Pods_TVShows.framework */ = {isa = PBXFileReference; explicitFileType = wrapper.framework; includeInIndex = 0; path = Pods_TVShows.framework; sourceTree = BUILT_PRODUCTS_DIR; };
		C51FB17DBA0B32C1439B62D8 /* ViewInterface.swift */ = {isa = PBXFileReference; includeInIndex = 1; lastKnownFileType = sourcecode.swift; path = ViewInterface.swift; sourceTree = "<group>"; };
		D3AB38378771E7A64D410329 /* Main.storyboard */ = {isa = PBXFileReference; includeInIndex = 1; lastKnownFileType = file.storyboard; path = Main.storyboard; sourceTree = "<group>"; };
		FE55D4791CDA822E00B54C5A /* APITVShow.swift */ = {isa = PBXFileReference; fileEncoding = 4; lastKnownFileType = sourcecode.swift; path = APITVShow.swift; sourceTree = "<group>"; };
		FE55D47B1CDA829B00B54C5A /* APITVShowIdentifier.swift */ = {isa = PBXFileReference; fileEncoding = 4; lastKnownFileType = sourcecode.swift; path = APITVShowIdentifier.swift; sourceTree = "<group>"; };
		FE55D47D1CDA82B700B54C5A /* APIImages.swift */ = {isa = PBXFileReference; fileEncoding = 4; lastKnownFileType = sourcecode.swift; path = APIImages.swift; sourceTree = "<group>"; };
		FE55D47F1CDA82C400B54C5A /* APIImage.swift */ = {isa = PBXFileReference; fileEncoding = 4; lastKnownFileType = sourcecode.swift; path = APIImage.swift; sourceTree = "<group>"; };
/* End PBXFileReference section */

/* Begin PBXFrameworksBuildPhase section */
		29BD06E34423C2C1BE4E8338 /* Frameworks */ = {
			isa = PBXFrameworksBuildPhase;
			buildActionMask = 2147483647;
			files = (
				00AD112A4FAAAFA2D46FD112 /* Pods_TVShowsUnitTests.framework in Frameworks */,
			);
			runOnlyForDeploymentPostprocessing = 0;
		};
		3CB96702FBADEB7298E3D7D8 /* Frameworks */ = {
			isa = PBXFrameworksBuildPhase;
			buildActionMask = 2147483647;
			files = (
				82204B45331703E19B67883B /* Foundation.framework in Frameworks */,
				1456ECCE16431F741CEE3BD3 /* Pods_TVShows.framework in Frameworks */,
			);
			runOnlyForDeploymentPostprocessing = 0;
		};
/* End PBXFrameworksBuildPhase section */

/* Begin PBXGroup section */
		121302881DBA35136554FC7E /* TVShowsUnitTests */ = {
			isa = PBXGroup;
			children = (
				E5DC5A29209687C7B667DAFD /* Resources */,
				2D6BCEBA3D79DB8E1EC9F162 /* Helpers */,
				CEE1B5AF2BED59AD29D08320 /* Tests */,
			);
			path = TVShowsUnitTests;
			sourceTree = "<group>";
		};
		2A7AD465526DB4612682A027 = {
			isa = PBXGroup;
			children = (
				D77B734485A67A2C638E7AC2 /* TVShows */,
				121302881DBA35136554FC7E /* TVShowsUnitTests */,
				4AB9C312C2A5DBEC088D886B /* Frameworks */,
				DCF3C0DD9D3B19E47554C315 /* Products */,
				D65C54FADF51225DCCEFC3CD /* Pods */,
			);
			indentWidth = 4;
			sourceTree = "<group>";
			tabWidth = 4;
			usesTabs = 0;
		};
		2B2AED0CA74E9B37B2D6750D /* Models */ = {
			isa = PBXGroup;
			children = (
			);
			path = Models;
			sourceTree = "<group>";
		};
		2D6BCEBA3D79DB8E1EC9F162 /* Helpers */ = {
			isa = PBXGroup;
			children = (
			);
			path = Helpers;
			sourceTree = "<group>";
		};
		313869A3327CC05DE77E20FE /* Models */ = {
			isa = PBXGroup;
			children = (
				FE55D4791CDA822E00B54C5A /* APITVShow.swift */,
				FE55D47B1CDA829B00B54C5A /* APITVShowIdentifier.swift */,
				FE55D47D1CDA82B700B54C5A /* APIImages.swift */,
				FE55D47F1CDA82C400B54C5A /* APIImage.swift */,
			);
			path = Models;
			sourceTree = "<group>";
		};
		3C460A8EFAE184A34D7DC5C5 /* Main */ = {
			isa = PBXGroup;
			children = (
				D3AB38378771E7A64D410329 /* Main.storyboard */,
			);
			path = Main;
			sourceTree = "<group>";
		};
		42859FE7B045193BCB6FCB56 /* Extensions */ = {
			isa = PBXGroup;
			children = (
			);
			path = Extensions;
			sourceTree = "<group>";
		};
		4AB9C312C2A5DBEC088D886B /* Frameworks */ = {
			isa = PBXGroup;
			children = (
				D81215DCD847B8FC92787100 /* iOS */,
				BEB702FDF81C295CD01FA4A9 /* Pods_TVShows.framework */,
				201C161B3582CA9468425D7E /* Pods_TVShowsUnitTests.framework */,
			);
			name = Frameworks;
			sourceTree = "<group>";
		};
		6F510C0C1062D4DD8049CED5 /* Networking */ = {
			isa = PBXGroup;
			children = (
				D32D7413CA6D812581F1B2CC /* Services */,
				313869A3327CC05DE77E20FE /* Models */,
			);
			path = Networking;
			sourceTree = "<group>";
		};
		709E334F6F6899714FA77021 /* Constants */ = {
			isa = PBXGroup;
			children = (
				A7F32720A5A8B000DA901963 /* Constants.swift */,
			);
			path = Constants;
			sourceTree = "<group>";
		};
		72C89A5E0D2021E50C90A5EA /* Other-Sources */ = {
			isa = PBXGroup;
			children = (
				50074E7BD96AD1C626E0DD6A /* Info.plist */,
			);
			path = "Other-Sources";
			sourceTree = "<group>";
		};
		77E2E8EB790797232CAD3749 /* Common */ = {
			isa = PBXGroup;
			children = (
				709E334F6F6899714FA77021 /* Constants */,
				42859FE7B045193BCB6FCB56 /* Extensions */,
				E711E7A40A496B245572DB1A /* Protocols */,
				2B2AED0CA74E9B37B2D6750D /* Models */,
				CC4E79F939925827C070B663 /* Views */,
				6F510C0C1062D4DD8049CED5 /* Networking */,
				7E91FE88384AFF5B37F84150 /* Routers */,
				E0CFEAD90132B8A18F51A967 /* VIPER */,
			);
			path = Common;
			sourceTree = "<group>";
		};
		7E91FE88384AFF5B37F84150 /* Routers */ = {
			isa = PBXGroup;
			children = (
			);
			path = Routers;
			sourceTree = "<group>";
		};
		90538BF1994D3F431C176FD4 /* Resources */ = {
			isa = PBXGroup;
			children = (
				2F988D1841835AF876EFB1EB /* Images.xcassets */,
				FE3AAC41CAA642A646F183E3 /* Launch-Screen */,
				72C89A5E0D2021E50C90A5EA /* Other-Sources */,
			);
			path = Resources;
			sourceTree = "<group>";
		};
		9339DB89C93F3D90AB8F3E38 /* Cells */ = {
			isa = PBXGroup;
			children = (
			);
			path = Cells;
			sourceTree = "<group>";
		};
		9FA8CA90AD40C96D097FA733 /* Application */ = {
			isa = PBXGroup;
			children = (
				4DC61DD282687D6B3EF05871 /* AppDelegate.swift */,
			);
			path = Application;
			sourceTree = "<group>";
		};
		C508E52BD8E2BCEAF5BFC907 /* Modules */ = {
			isa = PBXGroup;
			children = (
				3C460A8EFAE184A34D7DC5C5 /* Main */,
			);
			path = Modules;
			sourceTree = "<group>";
		};
		CC4E79F939925827C070B663 /* Views */ = {
			isa = PBXGroup;
			children = (
				9339DB89C93F3D90AB8F3E38 /* Cells */,
			);
			path = Views;
			sourceTree = "<group>";
		};
		CEE1B5AF2BED59AD29D08320 /* Tests */ = {
			isa = PBXGroup;
			children = (
			);
			path = Tests;
			sourceTree = "<group>";
		};
		D32D7413CA6D812581F1B2CC /* Services */ = {
			isa = PBXGroup;
			children = (
			);
			path = Services;
			sourceTree = "<group>";
		};
		D65C54FADF51225DCCEFC3CD /* Pods */ = {
			isa = PBXGroup;
			children = (
				30B424C2508EF02F5E83D353 /* Pods-TVShows.release.xcconfig */,
				060739D9F24FEC9BC2119EAD /* Pods-TVShows.debug.xcconfig */,
				8981416C0141DF34C9445F46 /* Pods-TVShowsUnitTests.release.xcconfig */,
				75EE35DE251066E591FBA46C /* Pods-TVShowsUnitTests.debug.xcconfig */,
			);
			name = Pods;
			sourceTree = "<group>";
		};
		D77B734485A67A2C638E7AC2 /* TVShows */ = {
			isa = PBXGroup;
			children = (
				9FA8CA90AD40C96D097FA733 /* Application */,
				77E2E8EB790797232CAD3749 /* Common */,
				C508E52BD8E2BCEAF5BFC907 /* Modules */,
				90538BF1994D3F431C176FD4 /* Resources */,
			);
			path = TVShows;
			sourceTree = "<group>";
		};
		D81215DCD847B8FC92787100 /* iOS */ = {
			isa = PBXGroup;
			children = (
				8F3C3F3C3B52657E799DAB92 /* Foundation.framework */,
			);
			name = iOS;
			sourceTree = "<group>";
		};
		DCF3C0DD9D3B19E47554C315 /* Products */ = {
			isa = PBXGroup;
			children = (
				B1A2610C5B7F582B63847AE6 /* TVShows.app */,
				92A16B95B057F4F95ED9D164 /* TVShowsUnitTests.xctest */,
			);
			name = Products;
			sourceTree = "<group>";
		};
		E0CFEAD90132B8A18F51A967 /* VIPER */ = {
			isa = PBXGroup;
			children = (
				C51FB17DBA0B32C1439B62D8 /* ViewInterface.swift */,
				212DED8CA0D96E54E17C89C1 /* PresenterInterface.swift */,
				6A6545AF2B2351D8EB537C59 /* InteractorInterface.swift */,
				A001F35E5C3C7891F4511B26 /* WireframeInterface.swift */,
			);
			path = VIPER;
			sourceTree = "<group>";
		};
		E5DC5A29209687C7B667DAFD /* Resources */ = {
			isa = PBXGroup;
			children = (
				B68BB52B3D5974E1F73FCA66 /* TVShowsUnitTests-Info.plist */,
			);
			path = Resources;
			sourceTree = "<group>";
		};
		E711E7A40A496B245572DB1A /* Protocols */ = {
			isa = PBXGroup;
			children = (
				6CC585D7E7B5826D7FE0E08E /* Progressable.swift */,
			);
			path = Protocols;
			sourceTree = "<group>";
		};
		FE3AAC41CAA642A646F183E3 /* Launch-Screen */ = {
			isa = PBXGroup;
			children = (
				B004BD7EABBC7E51BA998623 /* LaunchScreen.xib */,
			);
			path = "Launch-Screen";
			sourceTree = "<group>";
		};
/* End PBXGroup section */

/* Begin PBXNativeTarget section */
		B717B61E2E5E6B73A2B28DA0 /* TVShows */ = {
			isa = PBXNativeTarget;
			buildConfigurationList = 3736190D523532F9384550DF /* Build configuration list for PBXNativeTarget "TVShows" */;
			buildPhases = (
				F01042739F75E9B75BA1316B /* Check Pods Manifest.lock */,
				CA0A51B69471B8697E3A701E /* Sources */,
				3CB96702FBADEB7298E3D7D8 /* Frameworks */,
				208E4FB11BFD51C1F6E604A5 /* Resources */,
				35D081D66D7DF58FD504E5F6 /* Warn for TODO and FIXME comments */,
				B7F1E345EC1D7CF27FB9A2F2 /* Embed Pods Frameworks */,
				A03E9EB702828890926AA5C1 /* Copy Pods Resources */,
			);
			buildRules = (
			);
			dependencies = (
			);
			name = TVShows;
			productName = TVShows;
			productReference = B1A2610C5B7F582B63847AE6 /* TVShows.app */;
			productType = "com.apple.product-type.application";
		};
		C70F94CC51DE3E93D323087E /* TVShowsUnitTests */ = {
			isa = PBXNativeTarget;
			buildConfigurationList = 820895F1B91337362201FD99 /* Build configuration list for PBXNativeTarget "TVShowsUnitTests" */;
			buildPhases = (
				3DDCBC5AB1B2B98205417809 /* Check Pods Manifest.lock */,
				0C74EEBDDA0134F62396C5FC /* Sources */,
				29BD06E34423C2C1BE4E8338 /* Frameworks */,
				420197A50388152E0D29CDE9 /* Resources */,
				4853FF3F7036CD7CFDC47DDE /* Embed Pods Frameworks */,
				C6CB68235B5AEFA9FB16DD7A /* Copy Pods Resources */,
			);
			buildRules = (
			);
			dependencies = (
				7E234CF735BFD7A553D8A577 /* PBXTargetDependency */,
			);
			name = TVShowsUnitTests;
			productName = TVShowsUnitTests;
			productReference = 92A16B95B057F4F95ED9D164 /* TVShowsUnitTests.xctest */;
			productType = "com.apple.product-type.bundle.unit-test";
		};
/* End PBXNativeTarget section */

/* Begin PBXProject section */
		8FD379F436C1C8959CE5B456 /* Project object */ = {
			isa = PBXProject;
			attributes = {
				CLASSPREFIX = "";
				LastSwiftUpdateCheck = 0700;
				LastUpgradeCheck = 0700;
				ORGANIZATIONNAME = 1337code;
			};
			buildConfigurationList = AEDF6A00B354F8FDC6094B05 /* Build configuration list for PBXProject "TVShows" */;
			compatibilityVersion = "Xcode 3.2";
			developmentRegion = English;
			hasScannedForEncodings = 0;
			knownRegions = (
				en,
			);
			mainGroup = 2A7AD465526DB4612682A027;
			productRefGroup = DCF3C0DD9D3B19E47554C315 /* Products */;
			projectDirPath = "";
			projectRoot = "";
			targets = (
				B717B61E2E5E6B73A2B28DA0 /* TVShows */,
				C70F94CC51DE3E93D323087E /* TVShowsUnitTests */,
			);
		};
/* End PBXProject section */

/* Begin PBXResourcesBuildPhase section */
		208E4FB11BFD51C1F6E604A5 /* Resources */ = {
			isa = PBXResourcesBuildPhase;
			buildActionMask = 2147483647;
			files = (
				E8EF701D7A739C14CB28BE4F /* Main.storyboard in Resources */,
				1219E00A2D53555993E1763F /* Images.xcassets in Resources */,
				B12FE79091B8898518D9A4B0 /* LaunchScreen.xib in Resources */,
			);
			runOnlyForDeploymentPostprocessing = 0;
		};
		420197A50388152E0D29CDE9 /* Resources */ = {
			isa = PBXResourcesBuildPhase;
			buildActionMask = 2147483647;
			files = (
			);
			runOnlyForDeploymentPostprocessing = 0;
		};
/* End PBXResourcesBuildPhase section */

/* Begin PBXShellScriptBuildPhase section */
		35D081D66D7DF58FD504E5F6 /* Warn for TODO and FIXME comments */ = {
			isa = PBXShellScriptBuildPhase;
			buildActionMask = 2147483647;
			files = (
			);
			inputPaths = (
			);
			name = "Warn for TODO and FIXME comments";
			outputPaths = (
			);
			runOnlyForDeploymentPostprocessing = 0;
			shellPath = /bin/sh;
			shellScript = "KEYWORDS=\"TODO:|FIXME:|\\?\\?\\?:|\\!\\!\\!:\"\nFILE_EXTENSIONS=\"swift|h|m|mm|c|cpp\"\nfind -E \"${SRCROOT}\" -ipath \"${SRCROOT}/Carthage\" -o -ipath \"${SRCROOT}/pods\" -prune -o \\( -regex \".*\\.($FILE_EXTENSIONS)$\" \\) -print0 | xargs -0 egrep --with-filename --line-number --only-matching \"($KEYWORDS).*\\$\" | perl -p -e \"s/($KEYWORDS)/ warning: \\$1/\"\n";
		};
		3DDCBC5AB1B2B98205417809 /* Check Pods Manifest.lock */ = {
			isa = PBXShellScriptBuildPhase;
			buildActionMask = 2147483647;
			files = (
			);
			inputPaths = (
			);
			name = "Check Pods Manifest.lock";
			outputPaths = (
			);
			runOnlyForDeploymentPostprocessing = 0;
			shellPath = /bin/sh;
			shellScript = "diff \"${PODS_ROOT}/../Podfile.lock\" \"${PODS_ROOT}/Manifest.lock\" > /dev/null\nif [[ $? != 0 ]] ; then\n    cat << EOM\nerror: The sandbox is not in sync with the Podfile.lock. Run 'pod install' or update your CocoaPods installation.\nEOM\n    exit 1\nfi\n";
			showEnvVarsInLog = 0;
		};
		4853FF3F7036CD7CFDC47DDE /* Embed Pods Frameworks */ = {
			isa = PBXShellScriptBuildPhase;
			buildActionMask = 2147483647;
			files = (
			);
			inputPaths = (
			);
			name = "Embed Pods Frameworks";
			outputPaths = (
			);
			runOnlyForDeploymentPostprocessing = 0;
			shellPath = /bin/sh;
			shellScript = "\"${SRCROOT}/Pods/Target Support Files/Pods-TVShowsUnitTests/Pods-TVShowsUnitTests-frameworks.sh\"\n";
			showEnvVarsInLog = 0;
		};
		A03E9EB702828890926AA5C1 /* Copy Pods Resources */ = {
			isa = PBXShellScriptBuildPhase;
			buildActionMask = 2147483647;
			files = (
			);
			inputPaths = (
			);
			name = "Copy Pods Resources";
			outputPaths = (
			);
			runOnlyForDeploymentPostprocessing = 0;
			shellPath = /bin/sh;
			shellScript = "\"${SRCROOT}/Pods/Target Support Files/Pods-TVShows/Pods-TVShows-resources.sh\"\n";
			showEnvVarsInLog = 0;
		};
		B7F1E345EC1D7CF27FB9A2F2 /* Embed Pods Frameworks */ = {
			isa = PBXShellScriptBuildPhase;
			buildActionMask = 2147483647;
			files = (
			);
			inputPaths = (
			);
			name = "Embed Pods Frameworks";
			outputPaths = (
			);
			runOnlyForDeploymentPostprocessing = 0;
			shellPath = /bin/sh;
			shellScript = "\"${SRCROOT}/Pods/Target Support Files/Pods-TVShows/Pods-TVShows-frameworks.sh\"\n";
			showEnvVarsInLog = 0;
		};
		C6CB68235B5AEFA9FB16DD7A /* Copy Pods Resources */ = {
			isa = PBXShellScriptBuildPhase;
			buildActionMask = 2147483647;
			files = (
			);
			inputPaths = (
			);
			name = "Copy Pods Resources";
			outputPaths = (
			);
			runOnlyForDeploymentPostprocessing = 0;
			shellPath = /bin/sh;
			shellScript = "\"${SRCROOT}/Pods/Target Support Files/Pods-TVShowsUnitTests/Pods-TVShowsUnitTests-resources.sh\"\n";
			showEnvVarsInLog = 0;
		};
		F01042739F75E9B75BA1316B /* Check Pods Manifest.lock */ = {
			isa = PBXShellScriptBuildPhase;
			buildActionMask = 2147483647;
			files = (
			);
			inputPaths = (
			);
			name = "Check Pods Manifest.lock";
			outputPaths = (
			);
			runOnlyForDeploymentPostprocessing = 0;
			shellPath = /bin/sh;
			shellScript = "diff \"${PODS_ROOT}/../Podfile.lock\" \"${PODS_ROOT}/Manifest.lock\" > /dev/null\nif [[ $? != 0 ]] ; then\n    cat << EOM\nerror: The sandbox is not in sync with the Podfile.lock. Run 'pod install' or update your CocoaPods installation.\nEOM\n    exit 1\nfi\n";
			showEnvVarsInLog = 0;
		};
/* End PBXShellScriptBuildPhase section */

/* Begin PBXSourcesBuildPhase section */
		0C74EEBDDA0134F62396C5FC /* Sources */ = {
			isa = PBXSourcesBuildPhase;
			buildActionMask = 2147483647;
			files = (
			);
			runOnlyForDeploymentPostprocessing = 0;
		};
		CA0A51B69471B8697E3A701E /* Sources */ = {
			isa = PBXSourcesBuildPhase;
			buildActionMask = 2147483647;
			files = (
				F31546E6357F469B60C0E188 /* AppDelegate.swift in Sources */,
				0D4DF86AED212145DAEB1956 /* Constants.swift in Sources */,
				FE55D47E1CDA82B700B54C5A /* APIImages.swift in Sources */,
				C1C0C19721AB1986B9445781 /* Progressable.swift in Sources */,
				FE55D4801CDA82C400B54C5A /* APIImage.swift in Sources */,
				FE55D47C1CDA829B00B54C5A /* APITVShowIdentifier.swift in Sources */,
				ADD37B451A6F4219928BBD1F /* ViewInterface.swift in Sources */,
				099145D500032658824D7975 /* PresenterInterface.swift in Sources */,
				0523FB632509D1D734332338 /* InteractorInterface.swift in Sources */,
				D2346E0F094E007C6439C357 /* WireframeInterface.swift in Sources */,
				FE55D47A1CDA822E00B54C5A /* APITVShow.swift in Sources */,
			);
			runOnlyForDeploymentPostprocessing = 0;
		};
/* End PBXSourcesBuildPhase section */

/* Begin PBXTargetDependency section */
		7E234CF735BFD7A553D8A577 /* PBXTargetDependency */ = {
			isa = PBXTargetDependency;
			name = TVShows;
			target = B717B61E2E5E6B73A2B28DA0 /* TVShows */;
			targetProxy = DBBBDB04B5E8CD2E18DBC707 /* PBXContainerItemProxy */;
		};
/* End PBXTargetDependency section */

/* Begin XCBuildConfiguration section */
		26AF890886F228BF6CF0C800 /* Release */ = {
			isa = XCBuildConfiguration;
			baseConfigurationReference = 30B424C2508EF02F5E83D353 /* Pods-TVShows.release.xcconfig */;
			buildSettings = {
				ASSETCATALOG_COMPILER_APPICON_NAME = AppIcon;
				"CODE_SIGN_IDENTITY[sdk=iphoneos*]" = "iPhone Developer";
				ENABLE_STRICT_OBJC_MSGSEND = YES;
				GCC_TREAT_WARNINGS_AS_ERRORS = YES;
				INFOPLIST_FILE = "TVShows/Resources/Other-Sources/Info.plist";
				IPHONEOS_DEPLOYMENT_TARGET = 9.0;
				LD_RUNPATH_SEARCH_PATHS = "$(inherited) @executable_path/Frameworks";
				MTL_ENABLE_DEBUG_INFO = NO;
				PRODUCT_NAME = "$(TARGET_NAME)";
				SDKROOT = iphoneos;
			};
			name = Release;
		};
		2D32CBC875F9D958654992EF /* Debug */ = {
			isa = XCBuildConfiguration;
			buildSettings = {
				ALWAYS_SEARCH_USER_PATHS = NO;
				ASSETCATALOG_COMPILER_APPICON_NAME = AppIcon;
				CLANG_CXX_LANGUAGE_STANDARD = "gnu++0x";
				CLANG_CXX_LIBRARY = "libc++";
				CLANG_ENABLE_MODULES = YES;
				CLANG_ENABLE_OBJC_ARC = YES;
				CLANG_WARN_BOOL_CONVERSION = YES;
				CLANG_WARN_CONSTANT_CONVERSION = YES;
				CLANG_WARN_DEPRECATED_OBJC_IMPLEMENTATIONS = YES;
				CLANG_WARN_DIRECT_OBJC_ISA_USAGE = YES;
				CLANG_WARN_EMPTY_BODY = YES;
				CLANG_WARN_ENUM_CONVERSION = YES;
				CLANG_WARN_IMPLICIT_SIGN_CONVERSION = YES;
				CLANG_WARN_INT_CONVERSION = YES;
				CLANG_WARN_OBJC_IMPLICIT_RETAIN_SELF = YES;
				CLANG_WARN_OBJC_ROOT_CLASS = YES;
				CLANG_WARN_SUSPICIOUS_IMPLICIT_CONVERSION = YES;
				CLANG_WARN_UNREACHABLE_CODE = YES;
				CLANG_WARN__DUPLICATE_METHOD_MATCH = YES;
				"CODE_SIGN_IDENTITY[sdk=iphoneos*]" = "iPhone Developer";
				COPY_PHASE_STRIP = NO;
				GCC_C_LANGUAGE_STANDARD = gnu99;
				GCC_DYNAMIC_NO_PIC = NO;
				GCC_OPTIMIZATION_LEVEL = 0;
				GCC_PREPROCESSOR_DEFINITIONS = (
					"DEBUG=1",
					"$(inherited)",
				);
				GCC_SYMBOLS_PRIVATE_EXTERN = NO;
				GCC_WARN_64_TO_32_BIT_CONVERSION = YES;
				GCC_WARN_ABOUT_DEPRECATED_FUNCTIONS = YES;
				GCC_WARN_ABOUT_MISSING_FIELD_INITIALIZERS = YES;
				GCC_WARN_ABOUT_MISSING_NEWLINE = YES;
				GCC_WARN_ABOUT_RETURN_TYPE = YES;
				GCC_WARN_CHECK_SWITCH_STATEMENTS = YES;
				GCC_WARN_INITIALIZER_NOT_FULLY_BRACKETED = YES;
				GCC_WARN_MISSING_PARENTHESES = YES;
				GCC_WARN_SHADOW = YES;
				GCC_WARN_SIGN_COMPARE = YES;
				GCC_WARN_TYPECHECK_CALLS_TO_PRINTF = YES;
				GCC_WARN_UNDECLARED_SELECTOR = YES;
				GCC_WARN_UNINITIALIZED_AUTOS = YES;
				GCC_WARN_UNUSED_FUNCTION = YES;
				GCC_WARN_UNUSED_LABEL = YES;
				GCC_WARN_UNUSED_VALUE = YES;
				GCC_WARN_UNUSED_VARIABLE = YES;
				IPHONEOS_DEPLOYMENT_TARGET = 8.0;
				ONLY_ACTIVE_ARCH = YES;
				RUN_CLANG_STATIC_ANALYZER = YES;
				SDKROOT = iphoneos;
			};
			name = Debug;
		};
		484FDA8B604EB03E8E5D38A3 /* Debug */ = {
			isa = XCBuildConfiguration;
			baseConfigurationReference = 75EE35DE251066E591FBA46C /* Pods-TVShowsUnitTests.debug.xcconfig */;
			buildSettings = {
				BUNDLE_LOADER = "$(BUILT_PRODUCTS_DIR)/TVShows.app/TVShows";
				ENABLE_STRICT_OBJC_MSGSEND = YES;
				FRAMEWORK_SEARCH_PATHS = (
					"$(SDKROOT)/Developer/Library/Frameworks",
					"$(inherited)",
					"$(DEVELOPER_FRAMEWORKS_DIR)",
				);
				INFOPLIST_FILE = "TVShowsUnitTests/Resources/TVShowsUnitTests-Info.plist";
				PRODUCT_NAME = "$(TARGET_NAME)";
				SDKROOT = iphoneos;
				SKIP_INSTALL = YES;
				TEST_HOST = "$(BUNDLE_LOADER)";
				WRAPPER_EXTENSION = xctest;
			};
			name = Debug;
		};
		73FE38D4FE2A63BF7665E9FA /* Debug */ = {
			isa = XCBuildConfiguration;
			baseConfigurationReference = 060739D9F24FEC9BC2119EAD /* Pods-TVShows.debug.xcconfig */;
			buildSettings = {
				ASSETCATALOG_COMPILER_APPICON_NAME = AppIcon;
				"CODE_SIGN_IDENTITY[sdk=iphoneos*]" = "iPhone Developer";
				ENABLE_STRICT_OBJC_MSGSEND = YES;
				INFOPLIST_FILE = "TVShows/Resources/Other-Sources/Info.plist";
				IPHONEOS_DEPLOYMENT_TARGET = 9.0;
				LD_RUNPATH_SEARCH_PATHS = "$(inherited) @executable_path/Frameworks";
				MTL_ENABLE_DEBUG_INFO = YES;
				PRODUCT_NAME = "$(TARGET_NAME)";
				SDKROOT = iphoneos;
			};
			name = Debug;
		};
		9125B13CA8E167B68D7A0B1E /* Release */ = {
			isa = XCBuildConfiguration;
			buildSettings = {
				ALWAYS_SEARCH_USER_PATHS = NO;
				ASSETCATALOG_COMPILER_APPICON_NAME = AppIcon;
				CLANG_CXX_LANGUAGE_STANDARD = "gnu++0x";
				CLANG_CXX_LIBRARY = "libc++";
				CLANG_ENABLE_MODULES = YES;
				CLANG_ENABLE_OBJC_ARC = YES;
				CLANG_WARN_BOOL_CONVERSION = YES;
				CLANG_WARN_CONSTANT_CONVERSION = YES;
				CLANG_WARN_DEPRECATED_OBJC_IMPLEMENTATIONS = YES;
				CLANG_WARN_DIRECT_OBJC_ISA_USAGE = YES;
				CLANG_WARN_EMPTY_BODY = YES;
				CLANG_WARN_ENUM_CONVERSION = YES;
				CLANG_WARN_IMPLICIT_SIGN_CONVERSION = YES;
				CLANG_WARN_INT_CONVERSION = YES;
				CLANG_WARN_OBJC_IMPLICIT_RETAIN_SELF = YES;
				CLANG_WARN_OBJC_ROOT_CLASS = YES;
				CLANG_WARN_SUSPICIOUS_IMPLICIT_CONVERSION = YES;
				CLANG_WARN_UNREACHABLE_CODE = YES;
				CLANG_WARN__DUPLICATE_METHOD_MATCH = YES;
				"CODE_SIGN_IDENTITY[sdk=iphoneos*]" = "iPhone Developer";
				COPY_PHASE_STRIP = YES;
				ENABLE_NS_ASSERTIONS = NO;
				GCC_C_LANGUAGE_STANDARD = gnu99;
				GCC_WARN_64_TO_32_BIT_CONVERSION = YES;
				GCC_WARN_ABOUT_DEPRECATED_FUNCTIONS = YES;
				GCC_WARN_ABOUT_MISSING_FIELD_INITIALIZERS = YES;
				GCC_WARN_ABOUT_MISSING_NEWLINE = YES;
				GCC_WARN_ABOUT_RETURN_TYPE = YES;
				GCC_WARN_CHECK_SWITCH_STATEMENTS = YES;
				GCC_WARN_INITIALIZER_NOT_FULLY_BRACKETED = YES;
				GCC_WARN_MISSING_PARENTHESES = YES;
				GCC_WARN_SHADOW = YES;
				GCC_WARN_SIGN_COMPARE = YES;
				GCC_WARN_TYPECHECK_CALLS_TO_PRINTF = YES;
				GCC_WARN_UNDECLARED_SELECTOR = YES;
				GCC_WARN_UNINITIALIZED_AUTOS = YES;
				GCC_WARN_UNUSED_FUNCTION = YES;
				GCC_WARN_UNUSED_LABEL = YES;
				GCC_WARN_UNUSED_VALUE = YES;
				GCC_WARN_UNUSED_VARIABLE = YES;
				IPHONEOS_DEPLOYMENT_TARGET = 8.0;
				RUN_CLANG_STATIC_ANALYZER = YES;
				SDKROOT = iphoneos;
				VALIDATE_PRODUCT = YES;
			};
			name = Release;
		};
		9FE53B4222F043A219276470 /* Release */ = {
			isa = XCBuildConfiguration;
			baseConfigurationReference = 8981416C0141DF34C9445F46 /* Pods-TVShowsUnitTests.release.xcconfig */;
			buildSettings = {
				BUNDLE_LOADER = "$(BUILT_PRODUCTS_DIR)/TVShows.app/TVShows";
				ENABLE_STRICT_OBJC_MSGSEND = YES;
				FRAMEWORK_SEARCH_PATHS = (
					"$(SDKROOT)/Developer/Library/Frameworks",
					"$(inherited)",
					"$(DEVELOPER_FRAMEWORKS_DIR)",
				);
				INFOPLIST_FILE = "TVShowsUnitTests/Resources/TVShowsUnitTests-Info.plist";
				PRODUCT_NAME = "$(TARGET_NAME)";
				SDKROOT = iphoneos;
				SKIP_INSTALL = YES;
				TEST_HOST = "$(BUNDLE_LOADER)";
				WRAPPER_EXTENSION = xctest;
			};
			name = Release;
		};
/* End XCBuildConfiguration section */

/* Begin XCConfigurationList section */
		3736190D523532F9384550DF /* Build configuration list for PBXNativeTarget "TVShows" */ = {
			isa = XCConfigurationList;
			buildConfigurations = (
				26AF890886F228BF6CF0C800 /* Release */,
				73FE38D4FE2A63BF7665E9FA /* Debug */,
			);
			defaultConfigurationIsVisible = 0;
			defaultConfigurationName = Release;
		};
		820895F1B91337362201FD99 /* Build configuration list for PBXNativeTarget "TVShowsUnitTests" */ = {
			isa = XCConfigurationList;
			buildConfigurations = (
				9FE53B4222F043A219276470 /* Release */,
				484FDA8B604EB03E8E5D38A3 /* Debug */,
			);
			defaultConfigurationIsVisible = 0;
			defaultConfigurationName = Release;
		};
		AEDF6A00B354F8FDC6094B05 /* Build configuration list for PBXProject "TVShows" */ = {
			isa = XCConfigurationList;
			buildConfigurations = (
				2D32CBC875F9D958654992EF /* Debug */,
				9125B13CA8E167B68D7A0B1E /* Release */,
			);
			defaultConfigurationIsVisible = 0;
			defaultConfigurationName = Release;
		};
/* End XCConfigurationList section */
	};
	rootObject = 8FD379F436C1C8959CE5B456 /* Project object */;
}
